
Microsoft Visual Studio Solution File, Format Version 12.00
# Visual Studio Version 16
VisualStudioVersion = 16.0.30503.244
MinimumVisualStudioVersion = 10.0.40219.1
Project("{8BC9CEB8-8B4A-11D0-8D11-00A0C91BC942}") = "fp", "fp.vcxproj", "{81ED8655-FAEC-4C19-9C31-239F59C33EB0}"
EndProject
Project("{2150E333-8FDC-42A3-9474-1A3956D46DE8}") = "subproject", "subproject", "{3A92F44D-917B-4310-9D4C-75211318F0F7}"
EndProject
Project("{2150E333-8FDC-42A3-9474-1A3956D46DE8}") = "3rdparty", "3rdparty", "{702B4600-120A-4738-981B-7100083B2798}"
EndProject
Project("{2150E333-8FDC-42A3-9474-1A3956D46DE8}") = "common", "common", "{7D2BDBF9-9106-4F91-BADD-30FB2E781B7E}"
EndProject
Project("{8BC9CEB8-8B4A-11D0-8D11-00A0C91BC942}") = "ryu", "subproject\common\3rdparty\ryu\ryu.vcxproj", "{0490642B-EE8D-4FC9-9155-DECD17EDBD30}"
EndProject
Project("{2150E333-8FDC-42A3-9474-1A3956D46DE8}") = "meta", "meta", "{A42FCEA4-258A-4047-8C29-96B19349F597}"
EndProject
Project("{2150E333-8FDC-42A3-9474-1A3956D46DE8}") = "test", "test", "{9F31C168-0CBF-4228-97AD-23BF91FCAEB0}"
EndProject
Project("{8BC9CEB8-8B4A-11D0-8D11-00A0C91BC942}") = "sandbox", "subproject\meta\sandbox\sandbox.vcxproj", "{D6EB0945-A5A7-472F-8B88-397318EA3A7E}"
	ProjectSection(ProjectDependencies) = postProject
		{0490642B-EE8D-4FC9-9155-DECD17EDBD30} = {0490642B-EE8D-4FC9-9155-DECD17EDBD30}
		{81ED8655-FAEC-4C19-9C31-239F59C33EB0} = {81ED8655-FAEC-4C19-9C31-239F59C33EB0}
	EndProjectSection
EndProject
Project("{2150E333-8FDC-42A3-9474-1A3956D46DE8}") = "ryu_printf", "ryu_printf", "{D9DE2178-B6E3-45F7-B772-37BE05DED5AB}"
EndProject
Project("{8BC9CEB8-8B4A-11D0-8D11-00A0C91BC942}") = "generate_cache", "subproject\meta\ryu_printf\generate_cache\generate_cache.vcxproj", "{13A5E004-93D8-44F9-9252-F80B7E12A10F}"
EndProject
Project("{8BC9CEB8-8B4A-11D0-8D11-00A0C91BC942}") = "verify_log_computation", "subproject\test\verify_log_computation\verify_log_computation.vcxproj", "{01F267C0-642E-4F64-ABD3-B9175FC2E6C7}"
EndProject
Project("{2150E333-8FDC-42A3-9474-1A3956D46DE8}") = "benchmark", "benchmark", "{5C018538-E029-4E2A-9417-BDBC454D6149}"
EndProject
Project("{8BC9CEB8-8B4A-11D0-8D11-00A0C91BC942}") = "ryu_printf", "subproject\benchmark\ryu_printf\ryu_printf.vcxproj", "{4304DDAB-A862-4A47-8B18-664DAF1E34EB}"
	ProjectSection(ProjectDependencies) = postProject
		{0490642B-EE8D-4FC9-9155-DECD17EDBD30} = {0490642B-EE8D-4FC9-9155-DECD17EDBD30}
	EndProjectSection
EndProject
Project("{2150E333-8FDC-42A3-9474-1A3956D46DE8}") = "include", "include", "{4FFEC4BF-26C2-4565-B3C9-B0A0F3E98BA4}"
	ProjectSection(SolutionItems) = preProject
		..\subproject\common\include\bigint.h = ..\subproject\common\include\bigint.h
		..\subproject\common\include\minmax_euclid.h = ..\subproject\common\include\minmax_euclid.h
		..\subproject\common\include\random_float.h = ..\subproject\common\include\random_float.h
	EndProjectSection
EndProject
Global
	GlobalSection(SolutionConfigurationPlatforms) = preSolution
		Debug|x64 = Debug|x64
		Debug|x86 = Debug|x86
		Release|x64 = Release|x64
		Release|x86 = Release|x86
		ReleaseClang|x64 = ReleaseClang|x64
		ReleaseClang|x86 = ReleaseClang|x86
	EndGlobalSection
	GlobalSection(ProjectConfigurationPlatforms) = postSolution
		{81ED8655-FAEC-4C19-9C31-239F59C33EB0}.Debug|x64.ActiveCfg = Debug|x64
		{81ED8655-FAEC-4C19-9C31-239F59C33EB0}.Debug|x64.Build.0 = Debug|x64
		{81ED8655-FAEC-4C19-9C31-239F59C33EB0}.Debug|x86.ActiveCfg = Debug|Win32
		{81ED8655-FAEC-4C19-9C31-239F59C33EB0}.Debug|x86.Build.0 = Debug|Win32
		{81ED8655-FAEC-4C19-9C31-239F59C33EB0}.Release|x64.ActiveCfg = Release|x64
		{81ED8655-FAEC-4C19-9C31-239F59C33EB0}.Release|x64.Build.0 = Release|x64
		{81ED8655-FAEC-4C19-9C31-239F59C33EB0}.Release|x86.ActiveCfg = Release|Win32
		{81ED8655-FAEC-4C19-9C31-239F59C33EB0}.Release|x86.Build.0 = Release|Win32
		{81ED8655-FAEC-4C19-9C31-239F59C33EB0}.ReleaseClang|x64.ActiveCfg = ReleaseClang|x64
		{81ED8655-FAEC-4C19-9C31-239F59C33EB0}.ReleaseClang|x64.Build.0 = ReleaseClang|x64
		{81ED8655-FAEC-4C19-9C31-239F59C33EB0}.ReleaseClang|x86.ActiveCfg = ReleaseClang|Win32
		{81ED8655-FAEC-4C19-9C31-239F59C33EB0}.ReleaseClang|x86.Build.0 = ReleaseClang|Win32
		{0490642B-EE8D-4FC9-9155-DECD17EDBD30}.Debug|x64.ActiveCfg = Debug|x64
		{0490642B-EE8D-4FC9-9155-DECD17EDBD30}.Debug|x64.Build.0 = Debug|x64
		{0490642B-EE8D-4FC9-9155-DECD17EDBD30}.Debug|x86.ActiveCfg = Debug|Win32
		{0490642B-EE8D-4FC9-9155-DECD17EDBD30}.Debug|x86.Build.0 = Debug|Win32
		{0490642B-EE8D-4FC9-9155-DECD17EDBD30}.Release|x64.ActiveCfg = Release|x64
		{0490642B-EE8D-4FC9-9155-DECD17EDBD30}.Release|x64.Build.0 = Release|x64
		{0490642B-EE8D-4FC9-9155-DECD17EDBD30}.Release|x86.ActiveCfg = Release|Win32
		{0490642B-EE8D-4FC9-9155-DECD17EDBD30}.Release|x86.Build.0 = Release|Win32
		{0490642B-EE8D-4FC9-9155-DECD17EDBD30}.ReleaseClang|x64.ActiveCfg = ReleaseClang|x64
		{0490642B-EE8D-4FC9-9155-DECD17EDBD30}.ReleaseClang|x64.Build.0 = ReleaseClang|x64
		{0490642B-EE8D-4FC9-9155-DECD17EDBD30}.ReleaseClang|x86.ActiveCfg = Release|Win32
		{0490642B-EE8D-4FC9-9155-DECD17EDBD30}.ReleaseClang|x86.Build.0 = Release|Win32
		{D6EB0945-A5A7-472F-8B88-397318EA3A7E}.Debug|x64.ActiveCfg = Debug|x64
		{D6EB0945-A5A7-472F-8B88-397318EA3A7E}.Debug|x64.Build.0 = Debug|x64
		{D6EB0945-A5A7-472F-8B88-397318EA3A7E}.Debug|x86.ActiveCfg = Debug|Win32
		{D6EB0945-A5A7-472F-8B88-397318EA3A7E}.Debug|x86.Build.0 = Debug|Win32
		{D6EB0945-A5A7-472F-8B88-397318EA3A7E}.Release|x64.ActiveCfg = Release|x64
		{D6EB0945-A5A7-472F-8B88-397318EA3A7E}.Release|x64.Build.0 = Release|x64
		{D6EB0945-A5A7-472F-8B88-397318EA3A7E}.Release|x86.ActiveCfg = Release|Win32
		{D6EB0945-A5A7-472F-8B88-397318EA3A7E}.Release|x86.Build.0 = Release|Win32
		{D6EB0945-A5A7-472F-8B88-397318EA3A7E}.ReleaseClang|x64.ActiveCfg = ReleaseClang|x64
		{D6EB0945-A5A7-472F-8B88-397318EA3A7E}.ReleaseClang|x64.Build.0 = ReleaseClang|x64
		{D6EB0945-A5A7-472F-8B88-397318EA3A7E}.ReleaseClang|x86.ActiveCfg = Release|Win32
		{D6EB0945-A5A7-472F-8B88-397318EA3A7E}.ReleaseClang|x86.Build.0 = Release|Win32
		{13A5E004-93D8-44F9-9252-F80B7E12A10F}.Debug|x64.ActiveCfg = Debug|x64
		{13A5E004-93D8-44F9-9252-F80B7E12A10F}.Debug|x64.Build.0 = Debug|x64
		{13A5E004-93D8-44F9-9252-F80B7E12A10F}.Debug|x86.ActiveCfg = Debug|Win32
		{13A5E004-93D8-44F9-9252-F80B7E12A10F}.Debug|x86.Build.0 = Debug|Win32
		{13A5E004-93D8-44F9-9252-F80B7E12A10F}.Release|x64.ActiveCfg = Release|x64
		{13A5E004-93D8-44F9-9252-F80B7E12A10F}.Release|x64.Build.0 = Release|x64
		{13A5E004-93D8-44F9-9252-F80B7E12A10F}.Release|x86.ActiveCfg = Release|Win32
		{13A5E004-93D8-44F9-9252-F80B7E12A10F}.Release|x86.Build.0 = Release|Win32
		{13A5E004-93D8-44F9-9252-F80B7E12A10F}.ReleaseClang|x64.ActiveCfg = ReleaseClang|x64
		{13A5E004-93D8-44F9-9252-F80B7E12A10F}.ReleaseClang|x64.Build.0 = ReleaseClang|x64
		{13A5E004-93D8-44F9-9252-F80B7E12A10F}.ReleaseClang|x86.ActiveCfg = Release|Win32
		{13A5E004-93D8-44F9-9252-F80B7E12A10F}.ReleaseClang|x86.Build.0 = Release|Win32
		{01F267C0-642E-4F64-ABD3-B9175FC2E6C7}.Debug|x64.ActiveCfg = Debug|x64
		{01F267C0-642E-4F64-ABD3-B9175FC2E6C7}.Debug|x64.Build.0 = Debug|x64
		{01F267C0-642E-4F64-ABD3-B9175FC2E6C7}.Debug|x86.ActiveCfg = Debug|Win32
		{01F267C0-642E-4F64-ABD3-B9175FC2E6C7}.Debug|x86.Build.0 = Debug|Win32
		{01F267C0-642E-4F64-ABD3-B9175FC2E6C7}.Release|x64.ActiveCfg = Release|x64
		{01F267C0-642E-4F64-ABD3-B9175FC2E6C7}.Release|x64.Build.0 = Release|x64
		{01F267C0-642E-4F64-ABD3-B9175FC2E6C7}.Release|x86.ActiveCfg = Release|Win32
		{01F267C0-642E-4F64-ABD3-B9175FC2E6C7}.Release|x86.Build.0 = Release|Win32
		{01F267C0-642E-4F64-ABD3-B9175FC2E6C7}.ReleaseClang|x64.ActiveCfg = ReleaseClang|x64
		{01F267C0-642E-4F64-ABD3-B9175FC2E6C7}.ReleaseClang|x64.Build.0 = ReleaseClang|x64
		{01F267C0-642E-4F64-ABD3-B9175FC2E6C7}.ReleaseClang|x86.ActiveCfg = Release|Win32
		{01F267C0-642E-4F64-ABD3-B9175FC2E6C7}.ReleaseClang|x86.Build.0 = Release|Win32
		{4304DDAB-A862-4A47-8B18-664DAF1E34EB}.Debug|x64.ActiveCfg = Debug|x64
		{4304DDAB-A862-4A47-8B18-664DAF1E34EB}.Debug|x64.Build.0 = Debug|x64
		{4304DDAB-A862-4A47-8B18-664DAF1E34EB}.Debug|x86.ActiveCfg = Debug|Win32
		{4304DDAB-A862-4A47-8B18-664DAF1E34EB}.Debug|x86.Build.0 = Debug|Win32
		{4304DDAB-A862-4A47-8B18-664DAF1E34EB}.Release|x64.ActiveCfg = Release|x64
		{4304DDAB-A862-4A47-8B18-664DAF1E34EB}.Release|x64.Build.0 = Release|x64
		{4304DDAB-A862-4A47-8B18-664DAF1E34EB}.Release|x86.ActiveCfg = Release|Win32
		{4304DDAB-A862-4A47-8B18-664DAF1E34EB}.Release|x86.Build.0 = Release|Win32
		{4304DDAB-A862-4A47-8B18-664DAF1E34EB}.ReleaseClang|x64.ActiveCfg = Release|x64
		{4304DDAB-A862-4A47-8B18-664DAF1E34EB}.ReleaseClang|x64.Build.0 = Release|x64
		{4304DDAB-A862-4A47-8B18-664DAF1E34EB}.ReleaseClang|x86.ActiveCfg = Release|Win32
		{4304DDAB-A862-4A47-8B18-664DAF1E34EB}.ReleaseClang|x86.Build.0 = Release|Win32
	EndGlobalSection
	GlobalSection(SolutionProperties) = preSolution
		HideSolutionNode = FALSE
	EndGlobalSection
	GlobalSection(NestedProjects) = preSolution
		{702B4600-120A-4738-981B-7100083B2798} = {7D2BDBF9-9106-4F91-BADD-30FB2E781B7E}
		{7D2BDBF9-9106-4F91-BADD-30FB2E781B7E} = {3A92F44D-917B-4310-9D4C-75211318F0F7}
		{0490642B-EE8D-4FC9-9155-DECD17EDBD30} = {702B4600-120A-4738-981B-7100083B2798}
		{A42FCEA4-258A-4047-8C29-96B19349F597} = {3A92F44D-917B-4310-9D4C-75211318F0F7}
		{9F31C168-0CBF-4228-97AD-23BF91FCAEB0} = {3A92F44D-917B-4310-9D4C-75211318F0F7}
		{D6EB0945-A5A7-472F-8B88-397318EA3A7E} = {A42FCEA4-258A-4047-8C29-96B19349F597}
		{D9DE2178-B6E3-45F7-B772-37BE05DED5AB} = {A42FCEA4-258A-4047-8C29-96B19349F597}
		{13A5E004-93D8-44F9-9252-F80B7E12A10F} = {D9DE2178-B6E3-45F7-B772-37BE05DED5AB}
		{01F267C0-642E-4F64-ABD3-B9175FC2E6C7} = {9F31C168-0CBF-4228-97AD-23BF91FCAEB0}
		{5C018538-E029-4E2A-9417-BDBC454D6149} = {3A92F44D-917B-4310-9D4C-75211318F0F7}
		{4304DDAB-A862-4A47-8B18-664DAF1E34EB} = {5C018538-E029-4E2A-9417-BDBC454D6149}
		{4FFEC4BF-26C2-4565-B3C9-B0A0F3E98BA4} = {7D2BDBF9-9106-4F91-BADD-30FB2E781B7E}
	EndGlobalSection
	GlobalSection(ExtensibilityGlobals) = postSolution
		SolutionGuid = {CF49CC77-3EA1-48FD-A4C4-C4978194B7D1}
	EndGlobalSection
EndGlobal
