<?xml version="1.0" encoding="utf-8"?>
<Project ToolsVersion="4.0" xmlns="http://schemas.microsoft.com/developer/msbuild/2003">
  <ItemGroup>
    <Filter Include="include">
      <UniqueIdentifier>{78fe5988-0e94-47ad-9f77-2c94b075c0de}</UniqueIdentifier>
    </Filter>
    <Filter Include="include\jkj">
      <UniqueIdentifier>{37ebcb1f-78b1-48f5-80bd-9e167a45ab43}</UniqueIdentifier>
    </Filter>
    <Filter Include="include\jkj\fp">
      <UniqueIdentifier>{008a8345-3d00-4f2e-a53f-a7127fbdcabb}</UniqueIdentifier>
    </Filter>
    <Filter Include="include\jkj\fp\detail">
      <UniqueIdentifier>{18ba9ba1-d2a7-4899-a375-6fe6fa99514c}</UniqueIdentifier>
    </Filter>
    <Filter Include="include\jkj\fp\to_chars">
      <UniqueIdentifier>{df17a2d4-2d79-4433-afae-70ae10cda381}</UniqueIdentifier>
    </Filter>
    <Filter Include="include\jkj\fp\from_chars">
      <UniqueIdentifier>{7645c3fb-7634-4805-b1d5-a549528373fc}</UniqueIdentifier>
    </Filter>
  </ItemGroup>
  <ItemGroup>
    <ClInclude Include="..\include\jkj\fp\detail\bits.h">
      <Filter>include\jkj\fp\detail</Filter>
    </ClInclude>
    <ClInclude Include="..\include\jkj\fp\detail\div.h">
      <Filter>include\jkj\fp\detail</Filter>
    </ClInclude>
    <ClInclude Include="..\include\jkj\fp\detail\log.h">
      <Filter>include\jkj\fp\detail</Filter>
    </ClInclude>
    <ClInclude Include="..\include\jkj\fp\detail\macros.h">
      <Filter>include\jkj\fp\detail</Filter>
    </ClInclude>
    <ClInclude Include="..\include\jkj\fp\detail\ryu_printf_cache.h">
      <Filter>include\jkj\fp\detail</Filter>
    </ClInclude>
    <ClInclude Include="..\include\jkj\fp\detail\undef_macros.h">
      <Filter>include\jkj\fp\detail</Filter>
    </ClInclude>
    <ClInclude Include="..\include\jkj\fp\detail\util.h">
      <Filter>include\jkj\fp\detail</Filter>
    </ClInclude>
    <ClInclude Include="..\include\jkj\fp\detail\wuint.h">
      <Filter>include\jkj\fp\detail</Filter>
    </ClInclude>
    <ClInclude Include="..\include\jkj\fp\ieee754_format.h">
      <Filter>include\jkj\fp</Filter>
    </ClInclude>
    <ClInclude Include="..\include\jkj\fp\ryu_printf.h">
      <Filter>include\jkj\fp</Filter>
    </ClInclude>
    <ClInclude Include="..\include\jkj\fp\to_chars\to_chars_common.h">
      <Filter>include\jkj\fp\to_chars</Filter>
    </ClInclude>
    <ClInclude Include="..\include\jkj\fp\to_chars\fixed_precision.h">
      <Filter>include\jkj\fp\to_chars</Filter>
    </ClInclude>
    <ClInclude Include="..\include\jkj\fp\dragonbox.h">
      <Filter>include\jkj\fp</Filter>
    </ClInclude>
    <ClInclude Include="..\include\jkj\fp\decimal_fp.h">
      <Filter>include\jkj\fp</Filter>
    </ClInclude>
    <ClInclude Include="..\include\jkj\fp\detail\dragonbox_cache.h">
      <Filter>include\jkj\fp\detail</Filter>
    </ClInclude>
    <ClInclude Include="..\include\jkj\fp\detail\dragonbox_policy.h">
      <Filter>include\jkj\fp\detail</Filter>
    </ClInclude>
    <ClInclude Include="..\include\jkj\fp\detail\policy_holder.h">
      <Filter>include\jkj\fp\detail</Filter>
    </ClInclude>
  </ItemGroup>
</Project>